{
  "name": "testapi",
  "version": "1.0.0",
  "lockfileVersion": 1,
  "requires": true,
  "dependencies": {
    "@types/geojson": {
      "version": "1.0.6",
      "resolved": "http://10.0.1.26:4873/@types%2fgeojson/-/geojson-1.0.6.tgz",
      "integrity": "sha512-Xqg/lIZMrUd0VRmSRbCAewtwGZiAk3mEUDvV4op1tGl+LvyPcb/MIOSxTl9z+9+J+R4/vpjiCAT4xeKzH9ji1w=="
    },
    "@types/node": {
      "version": "10.12.11",
      "resolved": "http://10.0.1.26:4873/@types%2fnode/-/node-10.12.11.tgz",
      "integrity": "sha512-3iIOhNiPGTdcUNVCv9e5G7GotfvJJe2pc9w2UgDXlUwnxSZ3RgcUocIU+xYm+rTU54jIKih998QE4dMOyMN1NQ=="
    },
    "accepts": {
      "version": "1.3.5",
      "resolved": "https://registry.npmjs.org/accepts/-/accepts-1.3.5.tgz",
      "integrity": "sha1-63d99gEXI6OxTopywIBcjoZ0a9I=",
      "requires": {
        "mime-types": "~2.1.18",
        "negotiator": "0.6.1"
      }
    },
    "addressparser": {
      "version": "0.3.2",
      "resolved": "http://10.0.1.26:4873/addressparser/-/addressparser-0.3.2.tgz",
      "integrity": "sha1-WYc/Nej89sc2HBAjkmHXbhU0i7I="
    },
    "bluebird": {
      "version": "3.5.3",
      "resolved": "https://registry.npmjs.org/bluebird/-/bluebird-3.5.3.tgz",
      "integrity": "sha512-/qKPUQlaW1OyR51WeCPBvRnAlnZFUJkCSG5HzGnuIqhgyJtF+T94lFnn33eiazjRm2LAHVy2guNnaq48X9SJuw=="
    },
    "body-parser": {
      "version": "1.18.3",
      "resolved": "https://registry.npmjs.org/body-parser/-/body-parser-1.18.3.tgz",
      "integrity": "sha1-WykhmP/dVTs6DyDe0FkrlWlVyLQ=",
      "requires": {
        "bytes": "3.0.0",
        "content-type": "~1.0.4",
        "debug": "2.6.9",
        "depd": "~1.1.2",
        "http-errors": "~1.6.3",
        "iconv-lite": "0.4.23",
        "on-finished": "~2.3.0",
        "qs": "6.5.2",
        "raw-body": "2.3.3",
        "type-is": "~1.6.16"
      },
      "dependencies": {
        "http-errors": {
          "version": "1.6.3",
          "resolved": "http://registry.npmjs.org/http-errors/-/http-errors-1.6.3.tgz",
          "integrity": "sha1-i1VoC7S+KDoLW/TqLjhYC+HZMg0=",
          "requires": {
            "depd": "~1.1.2",
            "inherits": "2.0.3",
            "setprototypeof": "1.1.0",
            "statuses": ">= 1.4.0 < 2"
          }
        }
      }
    },
    "bytes": {
      "version": "3.0.0",
      "resolved": "https://registry.npmjs.org/bytes/-/bytes-3.0.0.tgz",
      "integrity": "sha1-0ygVQE1olpn4Wk6k+odV3ROpYEg="
    },
    "circular-json": {
      "version": "0.5.9",
      "resolved": "http://10.0.1.26:4873/circular-json/-/circular-json-0.5.9.tgz",
      "integrity": "sha512-4ivwqHpIFJZBuhN3g/pEcdbnGUywkBblloGbkglyloVjjR3uT6tieI89MVOfbP2tHX5sgb01FuLgAOzebNlJNQ=="
    },
    "cls-bluebird": {
      "version": "2.1.0",
      "resolved": "http://10.0.1.26:4873/cls-bluebird/-/cls-bluebird-2.1.0.tgz",
      "integrity": "sha1-N+8eCAqP+1XC9BZPU28ZGeeWiu4=",
      "requires": {
        "is-bluebird": "^1.0.2",
        "shimmer": "^1.1.0"
      }
    },
    "cluster": {
      "version": "0.7.7",
      "resolved": "http://registry.npmjs.org/cluster/-/cluster-0.7.7.tgz",
      "integrity": "sha1-5JfiZ8yVa9CwUTrbSqOTNX0Ahe8=",
      "requires": {
        "log": ">= 1.2.0",
        "mkdirp": ">= 0.0.1"
      }
    },
    "cluster-key-slot": {
      "version": "1.0.12",
      "resolved": "http://10.0.1.26:4873/cluster-key-slot/-/cluster-key-slot-1.0.12.tgz",
      "integrity": "sha512-21O0kGmvED5OJ7ZTdqQ5lQQ+sjuez33R+d35jZKLwqUb5mqcPHUsxOSzj61+LHVtxGZd1kShbQM3MjB/gBJkVg=="
    },
    "compressible": {
      "version": "2.0.15",
      "resolved": "https://registry.npmjs.org/compressible/-/compressible-2.0.15.tgz",
      "integrity": "sha512-4aE67DL33dSW9gw4CI2H/yTxqHLNcxp0yS6jB+4h+wr3e43+1z7vm0HU9qXOH8j+qjKuL8+UtkOxYQSMq60Ylw==",
      "requires": {
        "mime-db": ">= 1.36.0 < 2"
      }
    },
    "compression": {
      "version": "1.7.3",
      "resolved": "https://registry.npmjs.org/compression/-/compression-1.7.3.tgz",
      "integrity": "sha512-HSjyBG5N1Nnz7tF2+O7A9XUhyjru71/fwgNb7oIsEVHR0WShfs2tIS/EySLgiTe98aOK18YDlMXpzjCXY/n9mg==",
      "requires": {
        "accepts": "~1.3.5",
        "bytes": "3.0.0",
        "compressible": "~2.0.14",
        "debug": "2.6.9",
        "on-headers": "~1.0.1",
        "safe-buffer": "5.1.2",
        "vary": "~1.1.2"
      }
    },
    "connect-multiparty": {
      "version": "2.2.0",
      "resolved": "https://registry.npmjs.org/connect-multiparty/-/connect-multiparty-2.2.0.tgz",
      "integrity": "sha512-zKcpA7cuXGEhuw9Pz7JmVCFmp85jzGLGm/iiagXTwyEAJp4ypLPtRS/V4IGuGb9KjjrgHBs6P/gDCpZHnFzksA==",
      "requires": {
        "http-errors": "~1.7.0",
        "multiparty": "~4.2.1",
        "on-finished": "~2.3.0",
        "qs": "~6.5.2",
        "type-is": "~1.6.16"
      }
    },
    "content-type": {
      "version": "1.0.4",
      "resolved": "https://registry.npmjs.org/content-type/-/content-type-1.0.4.tgz",
      "integrity": "sha512-hIP3EEPs8tB9AT1L+NUqtwOAps4mk2Zob89MWXMHjHWg9milF/j4osnnQLXBCBFBk/tvIG/tUc9mOUJiPBhPXA=="
    },
    "core-js": {
      "version": "2.3.0",
      "resolved": "http://registry.npmjs.org/core-js/-/core-js-2.3.0.tgz",
      "integrity": "sha1-+rg/uwstjchfpjbEudNMdUIMbWU="
    },
    "core-util-is": {
      "version": "1.0.2",
      "resolved": "https://registry.npmjs.org/core-util-is/-/core-util-is-1.0.2.tgz",
      "integrity": "sha1-tf1UIgqivFq1eqtxQMlAdUUDwac="
    },
    "cron-parser": {
      "version": "2.7.3",
      "resolved": "http://10.0.1.26:4873/cron-parser/-/cron-parser-2.7.3.tgz",
      "integrity": "sha512-t9Kc7HWBWPndBzvbdQ1YG9rpPRB37Tb/tTviziUOh1qs3TARGh3b1p+tnkOHNe1K5iI3oheBPgLqwotMM7+lpg==",
      "requires": {
        "is-nan": "^1.2.1",
        "moment-timezone": "^0.5.23"
      }
    },
    "cross-env": {
      "version": "5.2.0",
      "resolved": "https://registry.npmjs.org/cross-env/-/cross-env-5.2.0.tgz",
      "integrity": "sha512-jtdNFfFW1hB7sMhr/H6rW1Z45LFqyI431m3qU6bFXcQ3Eh7LtBuG3h74o7ohHZ3crrRkkqHlo4jYHFPcjroANg==",
      "dev": true,
      "requires": {
        "cross-spawn": "^6.0.5",
        "is-windows": "^1.0.0"
      }
    },
    "cross-spawn": {
      "version": "6.0.5",
      "resolved": "https://registry.npmjs.org/cross-spawn/-/cross-spawn-6.0.5.tgz",
      "integrity": "sha512-eTVLrBSt7fjbDygz805pMnstIs2VTBNkRm0qxZd+M7A5XDdxVRWO5MxGBXZhjY4cqLYLdtrGqRf8mBPmzwSpWQ==",
      "dev": true,
      "requires": {
        "nice-try": "^1.0.4",
        "path-key": "^2.0.1",
        "semver": "^5.5.0",
        "shebang-command": "^1.2.0",
        "which": "^1.2.9"
      }
    },
    "crypto": {
      "version": "1.0.1",
      "resolved": "https://registry.npmjs.org/crypto/-/crypto-1.0.1.tgz",
      "integrity": "sha512-VxBKmeNcqQdiUQUW2Tzq0t377b54N2bMtXO/qiLa+6eRRmmC4qT3D4OnTGoT/U6O9aklQ/jTwbOtRMTTY8G0Ig=="
    },
    "date-format": {
      "version": "1.2.0",
      "resolved": "http://10.0.1.26:4873/date-format/-/date-format-1.2.0.tgz",
      "integrity": "sha1-YV6CjiM90aubua4JUODOzPpuytg="
    },
    "debug": {
      "version": "2.6.9",
      "resolved": "https://registry.npmjs.org/debug/-/debug-2.6.9.tgz",
      "integrity": "sha512-bC7ElrdJaJnPbAP+1EotYvqZsb3ecl5wi6Bfi6BJTUcNowp6cvspg0jXznRTKDjm/E7AdgFBVeAPVMNcKGsHMA==",
      "requires": {
        "ms": "2.0.0"
      }
    },
    "define-properties": {
      "version": "1.1.3",
      "resolved": "http://10.0.1.26:4873/define-properties/-/define-properties-1.1.3.tgz",
      "integrity": "sha512-3MqfYKj2lLzdMSf8ZIZE/V+Zuy+BgD6f164e8K2w7dgnpKArBDerGYpM46IYYcjnkdPNMjPk9A6VFB8+3SKlXQ==",
      "requires": {
        "object-keys": "^1.0.12"
      }
    },
    "denque": {
      "version": "1.3.0",
      "resolved": "http://10.0.1.26:4873/denque/-/denque-1.3.0.tgz",
      "integrity": "sha512-4SRaSj+PqmrS1soW5/Avd7eJIM2JJIqLLmwhRqIGleZM/8KwZq80njbSS2Iqas+6oARkSkLDHEk4mm78q3JlIg=="
    },
    "depd": {
      "version": "1.1.2",
      "resolved": "https://registry.npmjs.org/depd/-/depd-1.1.2.tgz",
      "integrity": "sha1-m81S4UwJd2PnSbJ0xDRu0uVgtak="
    },
    "docxtemplater": {
      "version": "3.9.4",
      "resolved": "https://registry.npmjs.org/docxtemplater/-/docxtemplater-3.9.4.tgz",
      "integrity": "sha512-kGfmsDVZ3P+LvpsFp62sZEr9FwZ3c38IUoOfFtsatYvqhDse9xO5yEXh2/LSZQ5ifZ/1qfh5Bvm3kV0iDaqV1w==",
      "requires": {
        "xmldom": "^0.1.27"
      }
    },
    "docxtemplater-image-module": {
      "version": "3.1.0",
      "resolved": "https://registry.npmjs.org/docxtemplater-image-module/-/docxtemplater-image-module-3.1.0.tgz",
      "integrity": "sha1-7pSRmc5Ae4nVgxdvEDkwon2rgU0=",
      "requires": {
        "xmldom": "^0.1.27"
      }
    },
    "dottie": {
      "version": "2.0.1",
      "resolved": "http://10.0.1.26:4873/dottie/-/dottie-2.0.1.tgz",
      "integrity": "sha512-ch5OQgvGDK2u8pSZeSYAQaV/lczImd7pMJ7BcEPXmnFVjy4yJIzP6CsODJUTH8mg1tyH1Z2abOiuJO3DjZ/GBw=="
    },
    "double-ended-queue": {
      "version": "2.1.0-0",
      "resolved": "https://registry.npmjs.org/double-ended-queue/-/double-ended-queue-2.1.0-0.tgz",
      "integrity": "sha1-ED01J/0xUo9AGIEwyEHv3XgmTlw="
    },
    "ee-first": {
      "version": "1.1.1",
      "resolved": "https://registry.npmjs.org/ee-first/-/ee-first-1.1.1.tgz",
      "integrity": "sha1-WQxhFWsK4vTwJVcyoViyZrxWsh0="
    },
    "emailjs": {
      "version": "2.2.0",
      "resolved": "http://10.0.1.26:4873/emailjs/-/emailjs-2.2.0.tgz",
      "integrity": "sha1-ulsj5KSwpFEPZS6HOxVOlAe2ygM=",
      "requires": {
        "addressparser": "^0.3.2",
        "emailjs-mime-codec": "^2.0.7"
      }
    },
    "emailjs-base64": {
      "version": "1.1.4",
      "resolved": "http://10.0.1.26:4873/emailjs-base64/-/emailjs-base64-1.1.4.tgz",
      "integrity": "sha512-4h0xp1jgVTnIQBHxSJWXWanNnmuc5o+k4aHEpcLXSToN8asjB5qbXAexs7+PEsUKcEyBteNYsSvXUndYT2CGGA=="
    },
    "emailjs-mime-codec": {
      "version": "2.0.8",
      "resolved": "http://10.0.1.26:4873/emailjs-mime-codec/-/emailjs-mime-codec-2.0.8.tgz",
      "integrity": "sha512-Upnk1zSj6wVrKRBdfc0di2eyjyTOatTs8QlZZlBedfGBWalZ6IlEaPbmoCL5Qt4VVTwLp7buYcw0+pu9sB744g==",
      "requires": {
        "emailjs-base64": "^1.1.4",
        "ramda": "^0.25.0",
        "text-encoding": "^0.6.4"
      }
    },
    "es6-promise": {
      "version": "3.0.2",
      "resolved": "http://registry.npmjs.org/es6-promise/-/es6-promise-3.0.2.tgz",
      "integrity": "sha1-AQ1YWEI6XxGJeWZfRkhqlcbuK7Y="
    },
    "fd-slicer": {
      "version": "1.1.0",
      "resolved": "https://registry.npmjs.org/fd-slicer/-/fd-slicer-1.1.0.tgz",
      "integrity": "sha1-JcfInLH5B3+IkbvmHY85Dq4lbx4=",
      "requires": {
        "pend": "~1.2.0"
      }
    },
    "flexbuffer": {
      "version": "0.0.6",
      "resolved": "http://10.0.1.26:4873/flexbuffer/-/flexbuffer-0.0.6.tgz",
      "integrity": "sha1-A5/fI/iCPkQMOPMnfm/vEXQhWzA="
    },
    "generate-function": {
      "version": "2.3.1",
      "resolved": "http://10.0.1.26:4873/generate-function/-/generate-function-2.3.1.tgz",
      "integrity": "sha512-eeB5GfMNeevm/GRYq20ShmsaGcmI81kIX2K9XQx5miC8KdHaC6Jm0qQ8ZNeGOi7wYB8OsdxKs+Y2oVuTFuVwKQ==",
      "requires": {
        "is-property": "^1.0.2"
      }
    },
    "generic-pool": {
      "version": "3.4.2",
      "resolved": "http://10.0.1.26:4873/generic-pool/-/generic-pool-3.4.2.tgz",
      "integrity": "sha512-H7cUpwCQSiJmAHM4c/aFu6fUfrhWXW1ncyh8ftxEPMu6AiYkHw9K8br720TGPZJbk5eOH2bynjZD1yPvdDAmag=="
    },
    "http-errors": {
      "version": "1.7.1",
      "resolved": "https://registry.npmjs.org/http-errors/-/http-errors-1.7.1.tgz",
      "integrity": "sha512-jWEUgtZWGSMba9I1N3gc1HmvpBUaNC9vDdA46yScAdp+C5rdEuKWUBLWTQpW9FwSWSbYYs++b6SDCxf9UEJzfw==",
      "requires": {
        "depd": "~1.1.2",
        "inherits": "2.0.3",
        "setprototypeof": "1.1.0",
        "statuses": ">= 1.5.0 < 2",
        "toidentifier": "1.0.0"
      }
    },
    "iconv-lite": {
      "version": "0.4.23",
      "resolved": "https://registry.npmjs.org/iconv-lite/-/iconv-lite-0.4.23.tgz",
      "integrity": "sha512-neyTUVFtahjf0mB3dZT77u+8O0QB89jFdnBkd5P1JgYPbPaia3gXXOVL2fq8VyU2gMMD7SaN7QukTB/pmXYvDA==",
      "requires": {
        "safer-buffer": ">= 2.1.2 < 3"
      }
    },
    "image-size": {
      "version": "0.6.3",
      "resolved": "https://registry.npmjs.org/image-size/-/image-size-0.6.3.tgz",
      "integrity": "sha512-47xSUiQioGaB96nqtp5/q55m0aBQSQdyIloMOc/x+QVTDZLNmXE892IIDrJ0hM1A5vcNUDD5tDffkSP5lCaIIA=="
    },
    "immediate": {
      "version": "3.0.6",
      "resolved": "https://registry.npmjs.org/immediate/-/immediate-3.0.6.tgz",
      "integrity": "sha1-nbHb0Pr43m++D13V5Wu2BigN5ps="
    },
    "inflection": {
      "version": "1.12.0",
      "resolved": "http://10.0.1.26:4873/inflection/-/inflection-1.12.0.tgz",
      "integrity": "sha1-ogCTVlbW9fa8TcdQLhrstwMihBY="
    },
    "inherits": {
      "version": "2.0.3",
      "resolved": "https://registry.npmjs.org/inherits/-/inherits-2.0.3.tgz",
      "integrity": "sha1-Yzwsg+PaQqUC9SRmAiSA9CCCYd4="
    },
    "ioredis": {
      "version": "4.2.0",
      "resolved": "http://10.0.1.26:4873/ioredis/-/ioredis-4.2.0.tgz",
      "integrity": "sha512-PdxZGNJBfPiR2RI6DkqmiacL1+ML3gaqEiaC5QXWQt9eSTlGj+BwDCct0s8irn1ed8GyzAHTzcjvU9fmnl6D7A==",
      "requires": {
        "cluster-key-slot": "^1.0.6",
        "debug": "^3.1.0",
        "denque": "^1.1.0",
        "flexbuffer": "0.0.6",
        "lodash.defaults": "^4.2.0",
        "lodash.flatten": "^4.4.0",
        "redis-commands": "1.4.0",
        "redis-errors": "^1.2.0",
        "redis-parser": "^3.0.0",
        "standard-as-callback": "^1.0.0"
      },
      "dependencies": {
        "debug": {
          "version": "3.2.6",
          "resolved": "http://10.0.1.26:4873/debug/-/debug-3.2.6.tgz",
          "integrity": "sha512-mel+jf7nrtEl5Pn1Qx46zARXKDpBbvzezse7p7LqINmdoIk8PYP5SySaxEmYv6TZ0JyEKA1hsCId6DIhgITtWQ==",
          "requires": {
            "ms": "^2.1.1"
          }
        },
        "ms": {
          "version": "2.1.1",
          "resolved": "http://10.0.1.26:4873/ms/-/ms-2.1.1.tgz",
          "integrity": "sha512-tgp+dl5cGk28utYktBsrFqA7HKgrhgPsg6Z/EfhWI4gl1Hwq8B/GmY/0oXZ6nF8hDVesS/FpnYaD/kOWhYQvyg=="
        },
        "redis-parser": {
          "version": "3.0.0",
          "resolved": "http://10.0.1.26:4873/redis-parser/-/redis-parser-3.0.0.tgz",
          "integrity": "sha1-tm2CjNyv5rS4pCin3vTGvKwxyLQ=",
          "requires": {
            "redis-errors": "^1.0.0"
          }
        }
      }
    },
    "is-bluebird": {
      "version": "1.0.2",
      "resolved": "http://10.0.1.26:4873/is-bluebird/-/is-bluebird-1.0.2.tgz",
      "integrity": "sha1-CWQ5Bg9KpBGr7hkUOoTWpVNG1uI="
    },
    "is-class-hotfix": {
      "version": "0.0.6",
      "resolved": "http://10.0.1.26:4873/is-class-hotfix/-/is-class-hotfix-0.0.6.tgz",
      "integrity": "sha512-0n+pzCC6ICtVr/WXnN2f03TK/3BfXY7me4cjCAqT8TYXEl0+JBRoqBo94JJHXcyDSLUeWbNX8Fvy5g5RJdAstQ=="
    },
    "is-nan": {
      "version": "1.2.1",
      "resolved": "http://10.0.1.26:4873/is-nan/-/is-nan-1.2.1.tgz",
      "integrity": "sha1-n69ltvttskt/XAYoR16nH5iEAeI=",
      "requires": {
        "define-properties": "^1.1.1"
      }
    },
    "is-property": {
      "version": "1.0.2",
      "resolved": "http://10.0.1.26:4873/is-property/-/is-property-1.0.2.tgz",
      "integrity": "sha1-V/4cTkhHTt1lsJkR8msc1Ald2oQ="
    },
    "is-type-of": {
      "version": "1.2.1",
      "resolved": "http://10.0.1.26:4873/is-type-of/-/is-type-of-1.2.1.tgz",
      "integrity": "sha512-uK0kyX9LZYhSDS7H2sVJQJop1UnWPWmo5RvR3q2kFH6AUHYs7sOrVg0b4nyBHw29kRRNFofYN/JbHZDlHiItTA==",
      "requires": {
        "core-util-is": "^1.0.2",
        "is-class-hotfix": "~0.0.6",
        "isstream": "~0.1.2"
      }
    },
    "is-windows": {
      "version": "1.0.2",
      "resolved": "https://registry.npmjs.org/is-windows/-/is-windows-1.0.2.tgz",
      "integrity": "sha512-eXK1UInq2bPmjyX6e3VHIzMLobc4J94i4AWn+Hpq3OU5KkrRC96OAcR3PRJ/pGu6m8TRnBHP9dkXQVsT/COVIA==",
      "dev": true
    },
    "isarray": {
      "version": "1.0.0",
      "resolved": "https://registry.npmjs.org/isarray/-/isarray-1.0.0.tgz",
      "integrity": "sha1-u5NdSFgsuhaMBoNJV6VKPgcSTxE="
    },
    "isexe": {
      "version": "2.0.0",
      "resolved": "https://registry.npmjs.org/isexe/-/isexe-2.0.0.tgz",
      "integrity": "sha1-6PvzdNxVb/iUehDcsFctYz8s+hA=",
      "dev": true
    },
    "isstream": {
      "version": "0.1.2",
      "resolved": "http://10.0.1.26:4873/isstream/-/isstream-0.1.2.tgz",
      "integrity": "sha1-R+Y/evVa+m+S4VAOaQ64uFKcCZo="
    },
    "jszip": {
      "version": "3.1.5",
      "resolved": "https://registry.npmjs.org/jszip/-/jszip-3.1.5.tgz",
      "integrity": "sha512-5W8NUaFRFRqTOL7ZDDrx5qWHJyBXy6velVudIzQUSoqAAYqzSh2Z7/m0Rf1QbmQJccegD0r+YZxBjzqoBiEeJQ==",
      "requires": {
        "core-js": "~2.3.0",
        "es6-promise": "~3.0.2",
        "lie": "~3.1.0",
        "pako": "~1.0.2",
        "readable-stream": "~2.0.6"
      }
    },
    "lie": {
      "version": "3.1.1",
      "resolved": "https://registry.npmjs.org/lie/-/lie-3.1.1.tgz",
      "integrity": "sha1-mkNrLMd0bKWd56QfpGmz77dr2H4=",
      "requires": {
        "immediate": "~3.0.5"
      }
    },
    "lodash": {
      "version": "4.17.11",
      "resolved": "http://10.0.1.26:4873/lodash/-/lodash-4.17.11.tgz",
      "integrity": "sha512-cQKh8igo5QUhZ7lg38DYWAxMvjSAKG0A8wGSVimP07SIUEK2UO+arSRKbRZWtelMtN5V0Hkwh5ryOto/SshYIg=="
    },
    "lodash.defaults": {
      "version": "4.2.0",
      "resolved": "http://10.0.1.26:4873/lodash.defaults/-/lodash.defaults-4.2.0.tgz",
      "integrity": "sha1-0JF4cW/+pN3p5ft7N/bwgCJ0WAw="
    },
    "lodash.flatten": {
      "version": "4.4.0",
      "resolved": "http://10.0.1.26:4873/lodash.flatten/-/lodash.flatten-4.4.0.tgz",
      "integrity": "sha1-8xwiIlqWMtK7+OSt2+8kCqdlph8="
    },
    "log": {
      "version": "1.4.0",
      "resolved": "http://registry.npmjs.org/log/-/log-1.4.0.tgz",
      "integrity": "sha1-S6HYkP3iSbAx3KA7w36q8yVlbxw="
    },
    "log4js": {
      "version": "3.0.6",
      "resolved": "http://10.0.1.26:4873/log4js/-/log4js-3.0.6.tgz",
      "integrity": "sha512-ezXZk6oPJCWL483zj64pNkMuY/NcRX5MPiB0zE6tjZM137aeusrOnW1ecxgF9cmwMWkBMhjteQxBPoZBh9FDxQ==",
      "requires": {
        "circular-json": "^0.5.5",
        "date-format": "^1.2.0",
        "debug": "^3.1.0",
        "rfdc": "^1.1.2",
        "streamroller": "0.7.0"
      },
      "dependencies": {
        "debug": {
          "version": "3.2.6",
          "resolved": "http://10.0.1.26:4873/debug/-/debug-3.2.6.tgz",
          "integrity": "sha512-mel+jf7nrtEl5Pn1Qx46zARXKDpBbvzezse7p7LqINmdoIk8PYP5SySaxEmYv6TZ0JyEKA1hsCId6DIhgITtWQ==",
          "requires": {
            "ms": "^2.1.1"
          }
        },
        "ms": {
          "version": "2.1.1",
          "resolved": "http://10.0.1.26:4873/ms/-/ms-2.1.1.tgz",
          "integrity": "sha512-tgp+dl5cGk28utYktBsrFqA7HKgrhgPsg6Z/EfhWI4gl1Hwq8B/GmY/0oXZ6nF8hDVesS/FpnYaD/kOWhYQvyg=="
        }
      }
    },
    "long": {
      "version": "4.0.0",
      "resolved": "http://10.0.1.26:4873/long/-/long-4.0.0.tgz",
      "integrity": "sha512-XsP+KhQif4bjX1kbuSiySJFNAehNxgLb6hPRGJ9QsUr8ajHkuXGdrHmFUTUUXhDwVX2R5bY4JNZEwbUiMhV+MA=="
    },
    "long-timeout": {
      "version": "0.1.1",
      "resolved": "http://10.0.1.26:4873/long-timeout/-/long-timeout-0.1.1.tgz",
      "integrity": "sha1-lyHXiLR+C8taJMLivuGg2lXatRQ="
    },
    "lru-cache": {
      "version": "4.1.3",
      "resolved": "http://10.0.1.26:4873/lru-cache/-/lru-cache-4.1.3.tgz",
      "integrity": "sha512-fFEhvcgzuIoJVUF8fYr5KR0YqxD238zgObTps31YdADwPPAp82a4M8TrckkWyx7ekNlf9aBcVn81cFwwXngrJA==",
      "requires": {
        "pseudomap": "^1.0.2",
        "yallist": "^2.1.2"
      }
    },
    "media-typer": {
      "version": "0.3.0",
      "resolved": "http://registry.npmjs.org/media-typer/-/media-typer-0.3.0.tgz",
      "integrity": "sha1-hxDXrwqmJvj/+hzgAWhUUmMlV0g="
    },
    "mime-db": {
      "version": "1.37.0",
      "resolved": "https://registry.npmjs.org/mime-db/-/mime-db-1.37.0.tgz",
      "integrity": "sha512-R3C4db6bgQhlIhPU48fUtdVmKnflq+hRdad7IyKhtFj06VPNVdk2RhiYL3UjQIlso8L+YxAtFkobT0VK+S/ybg=="
    },
    "mime-types": {
      "version": "2.1.21",
      "resolved": "https://registry.npmjs.org/mime-types/-/mime-types-2.1.21.tgz",
      "integrity": "sha512-3iL6DbwpyLzjR3xHSFNFeb9Nz/M8WDkX33t1GFQnFOllWk8pOrh/LSrB5OXlnlW5P9LH73X6loW/eogc+F5lJg==",
      "requires": {
        "mime-db": "~1.37.0"
      }
    },
    "minimist": {
      "version": "0.0.8",
      "resolved": "http://registry.npmjs.org/minimist/-/minimist-0.0.8.tgz",
      "integrity": "sha1-hX/Kv8M5fSYluCKCYuhqp6ARsF0="
    },
    "mkdirp": {
      "version": "0.5.1",
      "resolved": "http://registry.npmjs.org/mkdirp/-/mkdirp-0.5.1.tgz",
      "integrity": "sha1-MAV0OOrGz3+MR2fzhkjWaX11yQM=",
      "requires": {
        "minimist": "0.0.8"
      }
    },
    "moment": {
      "version": "2.22.2",
      "resolved": "https://registry.npmjs.org/moment/-/moment-2.22.2.tgz",
      "integrity": "sha1-PCV/mDn8DpP/UxSWMiOeuQeD/2Y="
    },
    "moment-timezone": {
      "version": "0.5.23",
      "resolved": "http://10.0.1.26:4873/moment-timezone/-/moment-timezone-0.5.23.tgz",
      "integrity": "sha512-WHFH85DkCfiNMDX5D3X7hpNH3/PUhjTGcD0U1SgfBGZxJ3qUmJh5FdvaFjcClxOvB3rzdfj4oRffbI38jEnC1w==",
      "requires": {
        "moment": ">= 2.9.0"
      }
    },
    "mongo-sql": {
      "version": "6.2.0",
      "resolved": "https://registry.npmjs.org/mongo-sql/-/mongo-sql-6.2.0.tgz",
      "integrity": "sha512-9W1mR90vKAEB/w3co30MEdltkkfg+iBngtLlknLFLbcD97FeFZ1COFDKOYfXdg8q1P2lv0lKyOLWwSlKy49PeQ=="
    },
    "ms": {
      "version": "2.0.0",
      "resolved": "https://registry.npmjs.org/ms/-/ms-2.0.0.tgz",
      "integrity": "sha1-VgiurfwAvmwpAd9fmGF4jeDVl8g="
    },
    "multiparty": {
      "version": "4.2.1",
      "resolved": "https://registry.npmjs.org/multiparty/-/multiparty-4.2.1.tgz",
      "integrity": "sha512-AvESCnNoQlZiOfP9R4mxN8M9csy2L16EIbWIkt3l4FuGti9kXBS8QVzlfyg4HEnarJhrzZilgNFlZtqmoiAIIA==",
      "requires": {
        "fd-slicer": "1.1.0",
        "http-errors": "~1.7.0",
        "safe-buffer": "5.1.2",
        "uid-safe": "2.1.5"
      }
    },
    "mysql2": {
      "version": "1.6.4",
      "resolved": "http://10.0.1.26:4873/mysql2/-/mysql2-1.6.4.tgz",
      "integrity": "sha512-ZYbYgK06HKfxU45tYYLfwW5gKt8BslfE7FGyULNrf2K2fh+DuEX+e0QKsd2ObpZkMILefaVn8hsakVsTFqravQ==",
      "requires": {
        "denque": "1.3.0",
        "generate-function": "^2.3.1",
        "iconv-lite": "^0.4.24",
        "long": "^4.0.0",
        "lru-cache": "4.1.3",
        "named-placeholders": "1.1.1",
        "seq-queue": "0.0.5",
        "sqlstring": "2.3.1"
      },
      "dependencies": {
        "iconv-lite": {
          "version": "0.4.24",
          "resolved": "http://10.0.1.26:4873/iconv-lite/-/iconv-lite-0.4.24.tgz",
          "integrity": "sha512-v3MXnZAcvnywkTUEZomIActle7RXXeedOR31wwl7VlyoXO4Qi9arvSenNQWne1TcRwhCL1HwLI21bEqdpj8/rA==",
          "requires": {
            "safer-buffer": ">= 2.1.2 < 3"
          }
        }
      }
    },
    "named-placeholders": {
      "version": "1.1.1",
      "resolved": "http://10.0.1.26:4873/named-placeholders/-/named-placeholders-1.1.1.tgz",
      "integrity": "sha1-O3oNJiA910s6nfTJz7gnsvuQfmQ=",
      "requires": {
        "lru-cache": "2.5.0"
      },
      "dependencies": {
        "lru-cache": {
          "version": "2.5.0",
          "resolved": "http://10.0.1.26:4873/lru-cache/-/lru-cache-2.5.0.tgz",
          "integrity": "sha1-2COIrpyWC+y+oMc7uet5tsbOmus="
        }
      }
    },
    "negotiator": {
      "version": "0.6.1",
      "resolved": "https://registry.npmjs.org/negotiator/-/negotiator-0.6.1.tgz",
      "integrity": "sha1-KzJxhOiZIQEXeyhWP7XnECrNDKk="
    },
    "nice-try": {
      "version": "1.0.5",
      "resolved": "https://registry.npmjs.org/nice-try/-/nice-try-1.0.5.tgz",
      "integrity": "sha512-1nh45deeb5olNY7eX82BkPO7SSxR5SSYJiPTrTdFUVYwAl8CKMA5N9PjTYkHiRjisVcxcQ1HXdLhx2qxxJzLNQ==",
      "dev": true
    },
    "node-schedule": {
      "version": "1.3.1",
      "resolved": "http://10.0.1.26:4873/node-schedule/-/node-schedule-1.3.1.tgz",
      "integrity": "sha512-cdNNePwKoisAi4DT00BB11H6IJ/WtA603YZ7+tLJcb/zCmCSxYKcvc+/GTyxC46jN/0ft7741vmMQrvxP8Sd+A==",
      "requires": {
        "cron-parser": "^2.7.3",
        "long-timeout": "0.1.1",
        "sorted-array-functions": "^1.0.0"
      }
    },
    "object-keys": {
      "version": "1.0.12",
      "resolved": "http://10.0.1.26:4873/object-keys/-/object-keys-1.0.12.tgz",
      "integrity": "sha512-FTMyFUm2wBcGHnH2eXmz7tC6IwlqQZ6mVZ+6dm6vZ4IQIHjs6FdNsQBuKGPuUUUY6NfJw2PshC08Tn6LzLDOag=="
    },
    "on-finished": {
      "version": "2.3.0",
      "resolved": "https://registry.npmjs.org/on-finished/-/on-finished-2.3.0.tgz",
      "integrity": "sha1-IPEzZIGwg811M3mSoWlxqi2QaUc=",
      "requires": {
        "ee-first": "1.1.1"
      }
    },
    "on-headers": {
      "version": "1.0.1",
      "resolved": "https://registry.npmjs.org/on-headers/-/on-headers-1.0.1.tgz",
      "integrity": "sha1-ko9dD0cNSTQmUepnlLCFfBAGk/c="
    },
    "pako": {
      "version": "1.0.6",
      "resolved": "https://registry.npmjs.org/pako/-/pako-1.0.6.tgz",
      "integrity": "sha512-lQe48YPsMJAig+yngZ87Lus+NF+3mtu7DVOBu6b/gHO1YpKwIj5AWjZ/TOS7i46HD/UixzWb1zeWDZfGZ3iYcg=="
    },
    "path-key": {
      "version": "2.0.1",
      "resolved": "https://registry.npmjs.org/path-key/-/path-key-2.0.1.tgz",
      "integrity": "sha1-QRyttXTFoUDTpLGRDUDYDMn0C0A=",
      "dev": true
    },
    "pend": {
      "version": "1.2.0",
      "resolved": "https://registry.npmjs.org/pend/-/pend-1.2.0.tgz",
      "integrity": "sha1-elfrVQpng/kRUzH89GY9XI4AelA="
    },
    "process-nextick-args": {
      "version": "1.0.7",
      "resolved": "https://registry.npmjs.org/process-nextick-args/-/process-nextick-args-1.0.7.tgz",
      "integrity": "sha1-FQ4gt1ZZCtP5EJPyWk8q2L/zC6M="
    },
    "pseudomap": {
      "version": "1.0.2",
      "resolved": "http://10.0.1.26:4873/pseudomap/-/pseudomap-1.0.2.tgz",
      "integrity": "sha1-8FKijacOYYkX7wqKw0wa5aaChrM="
    },
    "qs": {
      "version": "6.5.2",
      "resolved": "https://registry.npmjs.org/qs/-/qs-6.5.2.tgz",
      "integrity": "sha512-N5ZAX4/LxJmF+7wN74pUD6qAh9/wnvdQcjq9TZjevvXzSUo7bfmw91saqMjzGS2xq91/odN2dW/WOl7qQHNDGA=="
    },
    "ramda": {
      "version": "0.25.0",
      "resolved": "http://10.0.1.26:4873/ramda/-/ramda-0.25.0.tgz",
      "integrity": "sha512-GXpfrYVPwx3K7RQ6aYT8KPS8XViSXUVJT1ONhoKPE9VAleW42YE+U+8VEyGWt41EnEQW7gwecYJriTI0pKoecQ=="
    },
    "random-bytes": {
      "version": "1.0.0",
      "resolved": "https://registry.npmjs.org/random-bytes/-/random-bytes-1.0.0.tgz",
      "integrity": "sha1-T2ih3Arli9P7lYSMMDJNt11kNgs="
    },
    "raw-body": {
      "version": "2.3.3",
      "resolved": "https://registry.npmjs.org/raw-body/-/raw-body-2.3.3.tgz",
      "integrity": "sha512-9esiElv1BrZoI3rCDuOuKCBRbuApGGaDPQfjSflGxdy4oyzqghxu6klEkkVIvBje+FF0BX9coEv8KqW6X/7njw==",
      "requires": {
        "bytes": "3.0.0",
        "http-errors": "1.6.3",
        "iconv-lite": "0.4.23",
        "unpipe": "1.0.0"
      },
      "dependencies": {
        "http-errors": {
          "version": "1.6.3",
          "resolved": "http://registry.npmjs.org/http-errors/-/http-errors-1.6.3.tgz",
          "integrity": "sha1-i1VoC7S+KDoLW/TqLjhYC+HZMg0=",
          "requires": {
            "depd": "~1.1.2",
            "inherits": "2.0.3",
            "setprototypeof": "1.1.0",
            "statuses": ">= 1.4.0 < 2"
          }
        }
      }
    },
    "readable-stream": {
      "version": "2.0.6",
      "resolved": "http://registry.npmjs.org/readable-stream/-/readable-stream-2.0.6.tgz",
      "integrity": "sha1-j5A0HmilPMySh4jaz80Rs265t44=",
      "requires": {
        "core-util-is": "~1.0.0",
        "inherits": "~2.0.1",
        "isarray": "~1.0.0",
        "process-nextick-args": "~1.0.6",
        "string_decoder": "~0.10.x",
        "util-deprecate": "~1.0.1"
      }
    },
    "redis": {
      "version": "2.8.0",
      "resolved": "https://registry.npmjs.org/redis/-/redis-2.8.0.tgz",
      "integrity": "sha512-M1OkonEQwtRmZv4tEWF2VgpG0JWJ8Fv1PhlgT5+B+uNq2cA3Rt1Yt/ryoR+vQNOQcIEgdCdfH0jr3bDpihAw1A==",
      "requires": {
        "double-ended-queue": "^2.1.0-0",
        "redis-commands": "^1.2.0",
        "redis-parser": "^2.6.0"
      }
    },
    "redis-commands": {
      "version": "1.4.0",
      "resolved": "https://registry.npmjs.org/redis-commands/-/redis-commands-1.4.0.tgz",
      "integrity": "sha512-cu8EF+MtkwI4DLIT0x9P8qNTLFhQD4jLfxLR0cCNkeGzs87FN6879JOJwNQR/1zD7aSYNbU0hgsV9zGY71Itvw=="
    },
    "redis-errors": {
      "version": "1.2.0",
      "resolved": "http://10.0.1.26:4873/redis-errors/-/redis-errors-1.2.0.tgz",
      "integrity": "sha1-62LSrbFeTq9GEMBK/hUpOEJQq60="
    },
    "redis-parser": {
      "version": "2.6.0",
      "resolved": "https://registry.npmjs.org/redis-parser/-/redis-parser-2.6.0.tgz",
      "integrity": "sha1-Uu0J2srBCPGmMcB+m2mUHnoZUEs="
    },
    "redlock-node": {
      "version": "2.1.4",
      "resolved": "https://registry.npmjs.org/redlock-node/-/redlock-node-2.1.4.tgz",
      "integrity": "sha1-tUtxzPBIB0s/hJ1fwqpubs6phQY=",
      "requires": {
        "bluebird": "^3.3.5"
      }
    },
    "retry-as-promised": {
      "version": "2.3.2",
      "resolved": "http://10.0.1.26:4873/retry-as-promised/-/retry-as-promised-2.3.2.tgz",
      "integrity": "sha1-zZdO5P2bX+A8vzGHHuSCIcB3N7c=",
      "requires": {
        "bluebird": "^3.4.6",
        "debug": "^2.6.9"
      }
    },
    "rfdc": {
      "version": "1.1.2",
      "resolved": "http://10.0.1.26:4873/rfdc/-/rfdc-1.1.2.tgz",
      "integrity": "sha512-92ktAgvZhBzYTIK0Mja9uen5q5J3NRVMoDkJL2VMwq6SXjVCgqvQeVP2XAaUY6HT+XpQYeLSjb3UoitBryKmdA=="
    },
    "safe-buffer": {
      "version": "5.1.2",
      "resolved": "https://registry.npmjs.org/safe-buffer/-/safe-buffer-5.1.2.tgz",
      "integrity": "sha512-Gd2UZBJDkXlY7GbJxfsE8/nvKkUEU1G38c1siN6QP6a9PT9MmHB8GnpscSmMJSoF8LOIrt8ud/wPtojys4G6+g=="
    },
    "safer-buffer": {
      "version": "2.1.2",
      "resolved": "https://registry.npmjs.org/safer-buffer/-/safer-buffer-2.1.2.tgz",
      "integrity": "sha512-YZo3K82SD7Riyi0E1EQPojLz7kpepnSQI9IyPbHHg1XXXevb5dJI7tpyN2ADxGcQbHG7vcyRHk0cbwqcQriUtg=="
    },
    "semver": {
      "version": "5.6.0",
      "resolved": "https://registry.npmjs.org/semver/-/semver-5.6.0.tgz",
      "integrity": "sha512-RS9R6R35NYgQn++fkDWaOmqGoj4Ek9gGs+DPxNUZKuwE183xjJroKvyo1IzVFeXvUrvmALy6FWD5xrdJT25gMg=="
    },
    "seq-queue": {
      "version": "0.0.5",
      "resolved": "http://10.0.1.26:4873/seq-queue/-/seq-queue-0.0.5.tgz",
      "integrity": "sha1-1WgS4cAXpuTnw+Ojeh2m143TyT4="
    },
    "sequelize": {
      "version": "4.41.2",
      "resolved": "http://10.0.1.26:4873/sequelize/-/sequelize-4.41.2.tgz",
      "integrity": "sha512-8vPf2R0o9iEmtzkqNzwFdblO+0Mu+RNxOdLeYGGqWGlp3cushLpQucAeSGPQgf2hQVZP5yOCM1ouZKTQ5FTlvA==",
      "requires": {
        "bluebird": "^3.5.0",
        "cls-bluebird": "^2.1.0",
        "debug": "^3.1.0",
        "depd": "^1.1.0",
        "dottie": "^2.0.0",
        "generic-pool": "^3.4.0",
        "inflection": "1.12.0",
        "lodash": "^4.17.1",
        "moment": "^2.20.0",
        "moment-timezone": "^0.5.14",
        "retry-as-promised": "^2.3.2",
        "semver": "^5.5.0",
        "terraformer-wkt-parser": "^1.1.2",
        "toposort-class": "^1.0.1",
        "uuid": "^3.2.1",
        "validator": "^10.4.0",
        "wkx": "^0.4.1"
      },
      "dependencies": {
        "debug": {
          "version": "3.2.6",
          "resolved": "http://10.0.1.26:4873/debug/-/debug-3.2.6.tgz",
          "integrity": "sha512-mel+jf7nrtEl5Pn1Qx46zARXKDpBbvzezse7p7LqINmdoIk8PYP5SySaxEmYv6TZ0JyEKA1hsCId6DIhgITtWQ==",
          "requires": {
            "ms": "^2.1.1"
          }
        },
        "ms": {
          "version": "2.1.1",
          "resolved": "http://10.0.1.26:4873/ms/-/ms-2.1.1.tgz",
          "integrity": "sha512-tgp+dl5cGk28utYktBsrFqA7HKgrhgPsg6Z/EfhWI4gl1Hwq8B/GmY/0oXZ6nF8hDVesS/FpnYaD/kOWhYQvyg=="
        }
      }
    },
    "setprototypeof": {
      "version": "1.1.0",
      "resolved": "https://registry.npmjs.org/setprototypeof/-/setprototypeof-1.1.0.tgz",
      "integrity": "sha512-BvE/TwpZX4FXExxOxZyRGQQv651MSwmWKZGqvmPcRIjDqWub67kTKuIMx43cZZrS/cBBzwBcNDWoFxt2XEFIpQ=="
    },
    "shebang-command": {
      "version": "1.2.0",
      "resolved": "https://registry.npmjs.org/shebang-command/-/shebang-command-1.2.0.tgz",
      "integrity": "sha1-RKrGW2lbAzmJaMOfNj/uXer98eo=",
      "dev": true,
      "requires": {
        "shebang-regex": "^1.0.0"
      }
    },
    "shebang-regex": {
      "version": "1.0.0",
      "resolved": "https://registry.npmjs.org/shebang-regex/-/shebang-regex-1.0.0.tgz",
      "integrity": "sha1-2kL0l0DAtC2yypcoVxyxkMmO/qM=",
      "dev": true
    },
    "shimmer": {
      "version": "1.2.0",
      "resolved": "http://10.0.1.26:4873/shimmer/-/shimmer-1.2.0.tgz",
      "integrity": "sha512-xTCx2vohXC2EWWDqY/zb4+5Mu28D+HYNSOuFzsyRDRvI/e1ICb69afwaUwfjr+25ZXldbOLyp+iDUZHq8UnTag=="
    },
    "sorted-array-functions": {
      "version": "1.2.0",
      "resolved": "http://10.0.1.26:4873/sorted-array-functions/-/sorted-array-functions-1.2.0.tgz",
      "integrity": "sha512-sWpjPhIZJtqO77GN+LD8dDsDKcWZ9GCOJNqKzi1tvtjGIzwfoyuRH8S0psunmc6Z5P+qfDqztSbwYR5X/e1UTg=="
    },
    "sqlstring": {
      "version": "2.3.1",
      "resolved": "http://10.0.1.26:4873/sqlstring/-/sqlstring-2.3.1.tgz",
      "integrity": "sha1-R1OT/56RR5rqYtyvDKPRSYOn+0A="
    },
    "standard-as-callback": {
      "version": "1.0.1",
      "resolved": "http://10.0.1.26:4873/standard-as-callback/-/standard-as-callback-1.0.1.tgz",
      "integrity": "sha512-izxEITSyc7S+5oOiF/URiYaNkemPUxIndCNv66jJ548Y1TVxhBvioNMSPrZIQdaZDlhnguOdUzHA/7hJ3xFhuQ=="
    },
    "statuses": {
      "version": "1.5.0",
      "resolved": "https://registry.npmjs.org/statuses/-/statuses-1.5.0.tgz",
      "integrity": "sha1-Fhx9rBd2Wf2YEfQ3cfqZOBR4Yow="
    },
    "streamroller": {
      "version": "0.7.0",
      "resolved": "http://10.0.1.26:4873/streamroller/-/streamroller-0.7.0.tgz",
      "integrity": "sha512-WREzfy0r0zUqp3lGO096wRuUp7ho1X6uo/7DJfTlEi0Iv/4gT7YHqXDjKC2ioVGBZtE8QzsQD9nx1nIuoZ57jQ==",
      "requires": {
        "date-format": "^1.2.0",
        "debug": "^3.1.0",
        "mkdirp": "^0.5.1",
        "readable-stream": "^2.3.0"
      },
      "dependencies": {
        "debug": {
          "version": "3.2.6",
          "resolved": "http://10.0.1.26:4873/debug/-/debug-3.2.6.tgz",
          "integrity": "sha512-mel+jf7nrtEl5Pn1Qx46zARXKDpBbvzezse7p7LqINmdoIk8PYP5SySaxEmYv6TZ0JyEKA1hsCId6DIhgITtWQ==",
          "requires": {
            "ms": "^2.1.1"
          }
        },
        "ms": {
          "version": "2.1.1",
          "resolved": "http://10.0.1.26:4873/ms/-/ms-2.1.1.tgz",
          "integrity": "sha512-tgp+dl5cGk28utYktBsrFqA7HKgrhgPsg6Z/EfhWI4gl1Hwq8B/GmY/0oXZ6nF8hDVesS/FpnYaD/kOWhYQvyg=="
        },
        "process-nextick-args": {
          "version": "2.0.0",
          "resolved": "http://10.0.1.26:4873/process-nextick-args/-/process-nextick-args-2.0.0.tgz",
          "integrity": "sha512-MtEC1TqN0EU5nephaJ4rAtThHtC86dNN9qCuEhtshvpVBkAW5ZO7BASN9REnF9eoXGcRub+pFuKEpOHE+HbEMw=="
        },
        "readable-stream": {
          "version": "2.3.6",
          "resolved": "http://10.0.1.26:4873/readable-stream/-/readable-stream-2.3.6.tgz",
          "integrity": "sha512-tQtKA9WIAhBF3+VLAseyMqZeBjW0AHJoxOtYqSUZNJxauErmLbVm2FW1y+J/YA9dUrAC39ITejlZWhVIwawkKw==",
          "requires": {
            "core-util-is": "~1.0.0",
            "inherits": "~2.0.3",
            "isarray": "~1.0.0",
            "process-nextick-args": "~2.0.0",
            "safe-buffer": "~5.1.1",
            "string_decoder": "~1.1.1",
            "util-deprecate": "~1.0.1"
          }
        },
        "string_decoder": {
          "version": "1.1.1",
          "resolved": "http://10.0.1.26:4873/string_decoder/-/string_decoder-1.1.1.tgz",
          "integrity": "sha512-n/ShnvDi6FHbbVfviro+WojiFzv+s8MPMHBczVePfUpDJLwoLT0ht1l4YwBCbi8pJAveEEdnkHyPyTP/mzRfwg==",
          "requires": {
            "safe-buffer": "~5.1.0"
          }
        }
      }
    },
    "string_decoder": {
      "version": "0.10.31",
      "resolved": "https://registry.npmjs.org/string_decoder/-/string_decoder-0.10.31.tgz",
      "integrity": "sha1-YuIDvEF2bGwoyfyEMB2rHFMQ+pQ="
    },
    "terraformer": {
      "version": "1.0.9",
      "resolved": "http://10.0.1.26:4873/terraformer/-/terraformer-1.0.9.tgz",
      "integrity": "sha512-YlmQ1fsMWTkKGDGibCRWgmLzrpDRUr63Q025LJ/taYQ6j1Yb8q9McKF7NBi6ACAyUXO6F/bl9w6v4MY307y5Ag==",
      "requires": {
        "@types/geojson": "^1.0.0"
      }
    },
    "terraformer-wkt-parser": {
      "version": "1.2.0",
      "resolved": "http://10.0.1.26:4873/terraformer-wkt-parser/-/terraformer-wkt-parser-1.2.0.tgz",
      "integrity": "sha512-QU3iA54St5lF8Za1jg1oj4NYc8sn5tCZ08aNSWDeGzrsaV48eZk1iAVWasxhNspYBoCqdHuoot1pUTUrE1AJ4w==",
      "requires": {
        "@types/geojson": "^1.0.0",
        "terraformer": "~1.0.5"
      }
    },
    "text-encoding": {
      "version": "0.6.4",
      "resolved": "http://10.0.1.26:4873/text-encoding/-/text-encoding-0.6.4.tgz",
      "integrity": "sha1-45mpgiV6J22uQou5KEXLcb3CbRk="
    },
    "toidentifier": {
      "version": "1.0.0",
      "resolved": "https://registry.npmjs.org/toidentifier/-/toidentifier-1.0.0.tgz",
      "integrity": "sha512-yaOH/Pk/VEhBWWTlhI+qXxDFXlejDGcQipMlyxda9nthulaxLZUNcUqFxokp0vcYnvteJln5FNQDRrxj3YcbVw=="
    },
    "toposort-class": {
      "version": "1.0.1",
      "resolved": "http://10.0.1.26:4873/toposort-class/-/toposort-class-1.0.1.tgz",
      "integrity": "sha1-f/0feMi+KMO6Rc1OGj9e4ZO9mYg="
    },
    "type-is": {
      "version": "1.6.16",
      "resolved": "https://registry.npmjs.org/type-is/-/type-is-1.6.16.tgz",
      "integrity": "sha512-HRkVv/5qY2G6I8iab9cI7v1bOIdhm94dVjQCPFElW9W+3GeDOSHmy2EBYe4VTApuzolPcmgFTN3ftVJRKR2J9Q==",
      "requires": {
        "media-typer": "0.3.0",
        "mime-types": "~2.1.18"
      }
    },
    "uid-safe": {
      "version": "2.1.5",
      "resolved": "https://registry.npmjs.org/uid-safe/-/uid-safe-2.1.5.tgz",
      "integrity": "sha512-KPHm4VL5dDXKz01UuEd88Df+KzynaohSL9fBh096KWAxSKZQDI2uBrVqtvRM4rwrIrRRKsdLNML/lnaaVSRioA==",
      "requires": {
        "random-bytes": "~1.0.0"
      }
    },
    "unpipe": {
      "version": "1.0.0",
      "resolved": "https://registry.npmjs.org/unpipe/-/unpipe-1.0.0.tgz",
      "integrity": "sha1-sr9O6FFKrmFltIF4KdIbLvSZBOw="
    },
    "util-deprecate": {
      "version": "1.0.2",
      "resolved": "https://registry.npmjs.org/util-deprecate/-/util-deprecate-1.0.2.tgz",
      "integrity": "sha1-RQ1Nyfpw3nMnYvvS1KKJgUGaDM8="
    },
    "uuid": {
      "version": "3.3.2",
      "resolved": "http://10.0.1.26:4873/uuid/-/uuid-3.3.2.tgz",
      "integrity": "sha512-yXJmeNaw3DnnKAOKJE51sL/ZaYfWJRl1pK9dr19YFCu0ObS231AB1/LbqTKRAQ5kw8A90rA6fr4riOUpTZvQZA=="
    },
    "validator": {
      "version": "10.9.0",
      "resolved": "http://10.0.1.26:4873/validator/-/validator-10.9.0.tgz",
      "integrity": "sha512-hZJcZSWz9poXBlAkjjcsNAdrZ6JbjD3kWlNjq/+vE7RLLS/+8PAj3qVVwrwsOz/WL8jPmZ1hYkRvtlUeZAm4ug=="
    },
    "vary": {
      "version": "1.1.2",
      "resolved": "https://registry.npmjs.org/vary/-/vary-1.1.2.tgz",
      "integrity": "sha1-IpnwLG3tMNSllhsLn3RSShj2NPw="
    },
    "which": {
      "version": "1.3.1",
      "resolved": "https://registry.npmjs.org/which/-/which-1.3.1.tgz",
      "integrity": "sha512-HxJdYWq1MTIQbJ3nw0cqssHoTNU267KlrDuGZ1WYlxDStUtKUhOaJmh112/TZmHxxUfuJqPXSOm7tDyas0OSIQ==",
      "dev": true,
      "requires": {
        "isexe": "^2.0.0"
      }
    },
    "wkx": {
      "version": "0.4.5",
      "resolved": "http://10.0.1.26:4873/wkx/-/wkx-0.4.5.tgz",
      "integrity": "sha512-01dloEcJZAJabLO5XdcRgqdKpmnxS0zIT02LhkdWOZX2Zs2tPM6hlZ4XG9tWaWur1Qd1OO4kJxUbe2+5BofvnA==",
      "requires": {
        "@types/node": "*"
      }
    },
    "wood-apidocs": {
      "version": "1.0.6",
      "resolved": "https://registry.npmjs.org/wood-apidocs/-/wood-apidocs-1.0.6.tgz",
      "integrity": "sha512-bAWZMR099NdKEZrqSJm5phKhAT34XH+jPeagEECoiXTOJtizXrFb7Q1gfU7/HJTMudZTNZyXxzc6dNh6/Yj+NA==",
      "requires": {
        "docxtemplater": "^3.9.4",
        "docxtemplater-image-module": "^3.1.0",
        "image-size": "^0.6.3",
        "jszip": "^3.1.5",
        "moment": "^2.22.2",
        "wood-router": "^1.0.10"
      }
    },
    "wood-controller": {
      "version": "1.0.14",
      "resolved": "https://registry.npmjs.org/wood-controller/-/wood-controller-1.0.14.tgz",
      "integrity": "sha512-JXB9YfLQgXOqL0FtM9n/skle1m7L83THBUEeH6KqmOUJgFeBfciieuRCsL5Ru5WJdNZHwgPUN7mrWQaxrWwqyA==",
      "requires": {
        "wood-query": "^1.0.7",
        "wood-util": "^1.0.5"
      }
    },
    "wood-crossdomain": {
      "version": "1.0.3",
      "resolved": "https://registry.npmjs.org/wood-crossdomain/-/wood-crossdomain-1.0.3.tgz",
      "integrity": "sha512-iIkXeOZl7F9vftuL0WXGoH7rWB1BGbZKi/y2aF3I50M0cY2rYn54LJpc3d6OWBQAS+pQwcpxxufwF5pQeh43Og=="
    },
    "wood-email": {
      "version": "1.0.2",
      "resolved": "http://10.0.1.26:4873/wood-email/-/wood-email-1.0.2.tgz",
      "integrity": "sha512-Gx0FrPqjZ4iov9VevOP5efkXITv95412JPo+ExVa5Kvf3MBMTqGOnmzz46PMkzvJoehygnGxMs3PkEAFhZP3XQ==",
      "requires": {
        "emailjs": "^2.2.0"
      }
    },
    "wood-httpserver": {
      "version": "1.0.8",
      "resolved": "https://registry.npmjs.org/wood-httpserver/-/wood-httpserver-1.0.8.tgz",
      "integrity": "sha512-hOj/iiduCwaDDNhTLdyjJK413db+jzu0u3SlEYGtl+kuM4oT2ISmi7PYndY2uN7boxPI4hpXz5SwuWxO2sRPmQ==",
      "requires": {
        "cluster": "^0.7.7"
      }
    },
    "wood-log": {
      "version": "1.0.3",
      "resolved": "http://10.0.1.26:4873/wood-log/-/wood-log-1.0.3.tgz",
      "integrity": "sha512-yjAKOwMp1YGVzQyWA3+69WQVDjjCt/LjxNQCMjejQygzanZ0GC09nsPduHgRsCGo1AIm7kchGnPOky1R9n0ivA==",
      "requires": {
        "log4js": "^3.0.6"
      }
    },
    "wood-model-sql": {
      "version": "1.0.4",
      "resolved": "http://10.0.1.26:4873/wood-model-sql/-/wood-model-sql-1.0.4.tgz",
      "integrity": "sha512-o10hlHbSJK9vOOv45Dsd5vVn/ijyMSwSGH6dHSX0BPe+cYoAT+4bVr0ugAkbYyRxluyGHc6L8ElgMAlGeQQqYA==",
      "requires": {
        "mysql2": "^1.6.4",
        "sequelize": "^4.41.2",
        "wood-mysql": "^1.0.4",
        "wood-redis": "^1.1.3",
        "wood-util": "^1.0.10"
      },
      "dependencies": {
        "wood-redis": {
          "version": "1.1.4",
          "resolved": "http://10.0.1.26:4873/wood-redis/-/wood-redis-1.1.4.tgz",
          "integrity": "sha512-hZmiqjG5ZPfPGH0fqtfkZSXvYaJ0VZk1vCketpYxvtpR3ZM+F5qwmmLPxJrQXthZpCN1hWlistZtqtKUDhf+qA==",
          "requires": {
            "ioredis": "^4.2.0",
            "redlock-node": "^2.1.4",
            "wood-util": "^1.0.5"
          }
        },
        "wood-util": {
          "version": "1.0.10",
          "resolved": "http://10.0.1.26:4873/wood-util/-/wood-util-1.0.10.tgz",
          "integrity": "sha512-ytU/B5mcw4ITlwYu9eoH5Sno1bIfj4vKl//LCGjvdYIKTXy1iKxarYiL5XsWZri738JMQ1KJIZydQgS8H8KMIg==",
          "requires": {
            "crypto": "^1.0.1",
            "moment": "^2.22.2"
          }
        }
      }
    },
    "wood-modelsql": {
      "version": "1.0.1",
      "resolved": "http://10.0.1.26:4873/wood-modelsql/-/wood-modelsql-1.0.1.tgz",
      "integrity": "sha512-mToo/e9Om3ONwnV9EyqZdXs58r8ZFX0y8Jl0T0GNGExJfq/EOFF/Vw4YBazGHzOJ5AzmFSLgcOawMmLyzAtYhw=="
    },
    "wood-module-loader": {
      "version": "1.0.10",
      "resolved": "https://registry.npmjs.org/wood-module-loader/-/wood-module-loader-1.0.10.tgz",
      "integrity": "sha512-62gxVTEf3tvV4LiHliufJfSKPr9Upf4QvG9XN+3DcujhPPwXxpGZWnehusWQa2YpZ1/h7waS2BR5dFngVf/hwQ=="
    },
    "wood-mysql": {
      "version": "1.0.7",
      "resolved": "http://10.0.1.26:4873/wood-mysql/-/wood-mysql-1.0.7.tgz",
      "integrity": "sha512-mi2hU6uj008+e4ViVJQqIwrNgDkGrUOWWSMUxnqsHJ/J/KaV4lbkLEsrBoP+nS0wVXr2X/vGAvhfajq83Ns0xA==",
      "requires": {
        "mysql2": "^1.6.4",
        "sequelize": "^4.41.2"
      }
    },
    "wood-onerror": {
      "version": "1.0.2",
      "resolved": "https://registry.npmjs.org/wood-onerror/-/wood-onerror-1.0.2.tgz",
      "integrity": "sha512-J9KYuZH9rSP+GTJQaECK2Dq5rAcUOC4Rox9EqU5gCD8mgLcB4sXkVR1w1FK+Gufn4PHWUtKuT4BG28MDrwenzA=="
    },
    "wood-query": {
      "version": "1.0.11",
      "resolved": "https://registry.npmjs.org/wood-query/-/wood-query-1.0.11.tgz",
      "integrity": "sha512-q3b6qU4N3fA8M5PptJDV/TE54NJHZQnjPmIACPa0Zb35BBhQEr1exlZVaUG9LZyX1HD0puvGKVYdC/3H23Vddg==",
      "requires": {
        "wood-util": "^1.0.5"
      }
    },
    "wood-queue": {
      "version": "1.0.9",
      "resolved": "https://registry.npmjs.org/wood-queue/-/wood-queue-1.0.9.tgz",
      "integrity": "sha512-oPOZkMwDz8fV3Z0RREaEr/Kjvn+xL8OwubMcLrVHMDz8cGbMkkv0KGEV3bXa70hHTvBFNgrU0ub90q4n4YegJg==",
      "requires": {
        "wood-util": "^1.0.6"
      }
    },
    "wood-redis": {
      "version": "1.0.12",
      "resolved": "https://registry.npmjs.org/wood-redis/-/wood-redis-1.0.12.tgz",
      "integrity": "sha512-a2p8qQdF8ZEGKqO5Ts0g7e+n/K8ONa9HCwVNrcsob5it9FxjQ9CL9v9sY8S3CZ1duonGjGxJtrxu4f3B99Xorw==",
      "requires": {
        "redis": "^2.8.0",
        "redlock-node": "^2.1.4",
        "wood-util": "^1.0.5"
      }
    },
    "wood-requestbody": {
      "version": "1.0.3",
      "resolved": "https://registry.npmjs.org/wood-requestbody/-/wood-requestbody-1.0.3.tgz",
      "integrity": "sha512-HnI/LCcpJ0IbHZm8zaSFfz9sgLMjM3kvnRpUgUsia+2NAQZg1yZYo5ec/d5kSti7MGIGccLcx6oBuPzLif6j+A=="
    },
    "wood-responseformat": {
      "version": "1.0.8",
      "resolved": "https://registry.npmjs.org/wood-responseformat/-/wood-responseformat-1.0.8.tgz",
      "integrity": "sha512-VecksOSfAPqqDSin3c00QmQJ4/zBrRf0EeHt73z0cNKWzdxYdwXtnH43fULNJLbBzkcQxj71qKPRCdvkW9q0xQ==",
      "requires": {
        "zlib": "^1.0.5"
      }
    },
    "wood-router": {
      "version": "1.0.18",
      "resolved": "https://registry.npmjs.org/wood-router/-/wood-router-1.0.18.tgz",
      "integrity": "sha512-eygJfLN6CfBUMZFWpkMlVBgc6qvrrui42SAhS9dle/cJG5P/gh+fdQ9rn1l7On2NkuNHZHc4dyAgqJGMF2GBCA==",
      "requires": {
        "connect-multiparty": "^2.2.0",
        "wood-util": "^1.0.6"
      }
    },
    "wood-schedule": {
      "version": "1.0.1",
      "resolved": "http://10.0.1.26:4873/wood-schedule/-/wood-schedule-1.0.0.tgz",
      "integrity": "sha512-iTxRqz9fn5af/7/K01Ps/qbWo7ZD2woxC1NnCMgBdZ++47Q9MlmMGuQa1YdCioxH6g1ftD4vdPWxnfiWqxuvYQ=="
    },
    "wood-tcp": {
      "version": "1.0.1",
      "resolved": "https://registry.npmjs.org/wood-tcp/-/wood-tcp-1.0.1.tgz",
      "integrity": "sha512-GQNGOitOCuU5a/6FtoTpYlPLs/PyS+7lbTOLuMEXiyZigil6YBlrQskIh+OdwjD1M/3EeZTIdpMhD9zq0fx+nw=="
    },
    "wood-token": {
      "version": "1.0.2",
      "resolved": "https://registry.npmjs.org/wood-token/-/wood-token-1.0.2.tgz",
      "integrity": "sha512-fsn4Apjf65vos3nOFN/H5s4O6lUg9oj8r8Vpe+AhAIJmtiGAU4ZZwc8KThBNnn3F90CYjAbZtHuGO7ByFU8a8g==",
      "requires": {
        "crypto": "^1.0.1"
      }
    },
    "wood-userrole": {
      "version": "1.0.0",
      "resolved": "https://registry.npmjs.org/wood-userrole/-/wood-userrole-1.0.0.tgz",
      "integrity": "sha512-u4uCwyhR0jZD+ewV6gal2XGO63Zg59EbNmhDh4HHGmWlDbMBhn5X0o9/ggv8ia6Qb3uz/hTGi8GDkHNTjewYMA==",
      "requires": {
        "wood-util": "^1.0.7"
      }
    },
    "wood-util": {
      "version": "1.0.9",
      "resolved": "https://registry.npmjs.org/wood-util/-/wood-util-1.0.9.tgz",
      "integrity": "sha512-ffB5+8sIISCaoBFyHLAo0JoEe96+SXp6R5CMwOGgWePSBrqUyW05d3/ZC7MQVjh/oS3y97sqt9xJwfrF7LabTg==",
      "requires": {
        "crypto": "^1.0.1",
        "moment": "^2.22.2"
      }
    },
    "xmldom": {
      "version": "0.1.27",
      "resolved": "https://registry.npmjs.org/xmldom/-/xmldom-0.1.27.tgz",
      "integrity": "sha1-1QH5ezvbQDr4757MIFcxh6rawOk="
    },
    "yallist": {
      "version": "2.1.2",
      "resolved": "http://10.0.1.26:4873/yallist/-/yallist-2.1.2.tgz",
      "integrity": "sha1-HBH5IY8HYImkfdUS+TxmmaaoHVI="
    },
    "zlib": {
      "version": "1.0.5",
      "resolved": "https://registry.npmjs.org/zlib/-/zlib-1.0.5.tgz",
      "integrity": "sha1-bnyXL8NxxkWmr7A6sUdp3vEU/MA="
    }
  }
}
